
Microsoft Visual Studio Solution File, Format Version 12.00
# Visual Studio Version 17
VisualStudioVersion = 17.6.33723.286
MinimumVisualStudioVersion = 10.0.40219.1
Project("{9A19103F-16F7-4668-BE54-9A1E7A4F7556}") = "StaffMemberApi", "staffMemberApi\StaffMemberApi.csproj", "{921CD6CD-8B4E-46B2-8E9D-C2E46EB56290}"
EndProject
Project("{FAE04EC0-301F-11D3-BF4B-00C04F79EFBC}") = "StaffMemberTest", "StaffMemberTest\StaffMemberTest.csproj", "{5B8D1251-3D9B-4636-893D-93950268AEEC}"
EndProject
Global
	GlobalSection(SolutionConfigurationPlatforms) = preSolution
		Debug|Any CPU = Debug|Any CPU
		Release|Any CPU = Release|Any CPU
	EndGlobalSection
	GlobalSection(ProjectConfigurationPlatforms) = postSolution
		{921CD6CD-8B4E-46B2-8E9D-C2E46EB56290}.Debug|Any CPU.ActiveCfg = Debug|Any CPU
		{921CD6CD-8B4E-46B2-8E9D-C2E46EB56290}.Debug|Any CPU.Build.0 = Debug|Any CPU
		{921CD6CD-8B4E-46B2-8E9D-C2E46EB56290}.Release|Any CPU.ActiveCfg = Release|Any CPU
		{921CD6CD-8B4E-46B2-8E9D-C2E46EB56290}.Release|Any CPU.Build.0 = Release|Any CPU
		{5B8D1251-3D9B-4636-893D-93950268AEEC}.Debug|Any CPU.ActiveCfg = Debug|Any CPU
		{5B8D1251-3D9B-4636-893D-93950268AEEC}.Debug|Any CPU.Build.0 = Debug|Any CPU
		{5B8D1251-3D9B-4636-893D-93950268AEEC}.Release|Any CPU.ActiveCfg = Release|Any CPU
		{5B8D1251-3D9B-4636-893D-93950268AEEC}.Release|Any CPU.Build.0 = Release|Any CPU
	EndGlobalSection
	GlobalSection(SolutionProperties) = preSolution
		HideSolutionNode = FALSE
	EndGlobalSection
	GlobalSection(ExtensibilityGlobals) = postSolution
		SolutionGuid = {3C1B8946-EEC4-44DA-889A-D1547BB3DA38}
	EndGlobalSection
EndGlobal
